
Microsoft Visual Studio Solution File, Format Version 12.00
# Visual Studio Version 16
VisualStudioVersion = 16.0.31729.503
MinimumVisualStudioVersion = 10.0.40219.1
Project("{9A19103F-16F7-4668-BE54-9A1E7A4F7556}") = "ProductSale", "ProductSale\ProductSale.csproj", "{4AB862A5-E6A3-4429-9FED-06B7DE10B630}"
EndProject
Project("{2150E333-8FDC-42A3-9474-1A3956D46DE8}") = "Solution Items", "Solution Items", "{2952DAA4-32DA-44D6-A02E-EF4C3DA3FEB9}"
	ProjectSection(SolutionItems) = preProject
		.editorconfig = .editorconfig
	EndProjectSection
EndProject
Project("{FAE04EC0-301F-11D3-BF4B-00C04F79EFBC}") = "ProductSale.Test", "ProductSale.Test\ProductSale.Test.csproj", "{8A8D2D4F-6C53-47B6-81EA-FBD71E03C000}"
EndProject
Global
	GlobalSection(SolutionConfigurationPlatforms) = preSolution
		Debug|Any CPU = Debug|Any CPU
		Release|Any CPU = Release|Any CPU
	EndGlobalSection
	GlobalSection(ProjectConfigurationPlatforms) = postSolution
		{4AB862A5-E6A3-4429-9FED-06B7DE10B630}.Debug|Any CPU.ActiveCfg = Debug|Any CPU
		{4AB862A5-E6A3-4429-9FED-06B7DE10B630}.Debug|Any CPU.Build.0 = Debug|Any CPU
		{4AB862A5-E6A3-4429-9FED-06B7DE10B630}.Release|Any CPU.ActiveCfg = Release|Any CPU
		{4AB862A5-E6A3-4429-9FED-06B7DE10B630}.Release|Any CPU.Build.0 = Release|Any CPU
		{8A8D2D4F-6C53-47B6-81EA-FBD71E03C000}.Debug|Any CPU.ActiveCfg = Debug|Any CPU
		{8A8D2D4F-6C53-47B6-81EA-FBD71E03C000}.Debug|Any CPU.Build.0 = Debug|Any CPU
		{8A8D2D4F-6C53-47B6-81EA-FBD71E03C000}.Release|Any CPU.ActiveCfg = Release|Any CPU
		{8A8D2D4F-6C53-47B6-81EA-FBD71E03C000}.Release|Any CPU.Build.0 = Release|Any CPU
	EndGlobalSection
	GlobalSection(SolutionProperties) = preSolution
		HideSolutionNode = FALSE
	EndGlobalSection
	GlobalSection(ExtensibilityGlobals) = postSolution
		SolutionGuid = {0AC28644-A101-4A97-ACA6-56AF4DBA3D81}
	EndGlobalSection
EndGlobal
